[[package]]
name = "jinja2"
version = "2.11.2"
description = "A very fast and expressive template engine."
category = "main"
optional = false
python-versions = ">=2.7"

[package.dependencies]
MarkupSafe = ">=0.23"

[[package]]
name = "markupsafe"
version = "1.1.1"
description = "Safely add untrusted strings to HTML/XML markup."
category = "main"
optional = false
python-versions = ">=2.7"

[[package]]
name = "black"
version = "20.8b1"
description = "The uncompromising code formatter."
category = "dev"
optional = false
python-versions = ">=3.6"
